
Microsoft Visual Studio Solution File, Format Version 12.00
# Visual Studio 2013
VisualStudioVersion = 12.0.30501.0
MinimumVisualStudioVersion = 10.0.40219.1
Project("{F184B08F-C81C-45F6-A57F-5ABD9991F28F}") = "SAMuel", "SAMuel\SAMuel.vbproj", "{DF5AC783-AF4F-412E-B13E-1CA24999F0C3}"
EndProject
Project("{2150E333-8FDC-42A3-9474-1A3956D46DE8}") = "Solution Items", "Solution Items", "{29D2D132-83E3-4F41-8E64-A8AAE5C40CA1}"
	ProjectSection(SolutionItems) = preProject
		Scripts\Hotkeys\bb.ahk = Scripts\Hotkeys\bb.ahk
		Scripts\Fax-C&I.vbs = Scripts\Fax-C&I.vbs
		Scripts\OpenFile-XP.vbs = Scripts\OpenFile-XP.vbs
		README.md = README.md
		Scripts\README.md = Scripts\README.md
		Scripts\MS Office Macros\RightFax_It.bas = Scripts\MS Office Macros\RightFax_It.bas
		Scripts\Word_To_Tiff.vbs = Scripts\Word_To_Tiff.vbs
	EndProjectSection
EndProject
Global
	GlobalSection(SolutionConfigurationPlatforms) = preSolution
		Debug|Any CPU = Debug|Any CPU
		Release|Any CPU = Release|Any CPU
	EndGlobalSection
	GlobalSection(ProjectConfigurationPlatforms) = postSolution
		{DF5AC783-AF4F-412E-B13E-1CA24999F0C3}.Debug|Any CPU.ActiveCfg = Debug|Any CPU
		{DF5AC783-AF4F-412E-B13E-1CA24999F0C3}.Debug|Any CPU.Build.0 = Debug|Any CPU
		{DF5AC783-AF4F-412E-B13E-1CA24999F0C3}.Release|Any CPU.ActiveCfg = Release|Any CPU
		{DF5AC783-AF4F-412E-B13E-1CA24999F0C3}.Release|Any CPU.Build.0 = Release|Any CPU
	EndGlobalSection
	GlobalSection(SolutionProperties) = preSolution
		HideSolutionNode = FALSE
	EndGlobalSection
EndGlobal
